// !$*UTF8*$!
{
	archiveVersion = 1;
	classes = {
	};
	objectVersion = 50;
	objects = {

/* Begin PBXBuildFile section */
		2D090DCF218F761500086A7A /* DecodableExtensions.swift in Sources */ = {isa = PBXBuildFile; fileRef = 2D090DCE218F761500086A7A /* DecodableExtensions.swift */; };
		2D12590F2177704400691077 /* ProfileContactView.xib in Resources */ = {isa = PBXBuildFile; fileRef = 2D12590E2177704400691077 /* ProfileContactView.xib */; };
		2D1259112177707D00691077 /* ProfileContactView.swift in Sources */ = {isa = PBXBuildFile; fileRef = 2D1259102177707D00691077 /* ProfileContactView.swift */; };
		2D18DBF52184EC06003CED4D /* SegueGlobals.swift in Sources */ = {isa = PBXBuildFile; fileRef = 2D18DBF42184EC06003CED4D /* SegueGlobals.swift */; };
		2D23B94221974F310091B428 /* NSMutableAttributedStringExtensions.swift in Sources */ = {isa = PBXBuildFile; fileRef = 2D23B94121974F310091B428 /* NSMutableAttributedStringExtensions.swift */; };
		2D23B94421975A060091B428 /* UILabelExtensions.swift in Sources */ = {isa = PBXBuildFile; fileRef = 2D23B94321975A060091B428 /* UILabelExtensions.swift */; };
		2D254F51218DF01500B6C42F /* GoogleService-Info.plist in Resources */ = {isa = PBXBuildFile; fileRef = 2D254F50218DF01500B6C42F /* GoogleService-Info.plist */; };
		2D2C88582170373C009F7894 /* ProfileBtn.swift in Sources */ = {isa = PBXBuildFile; fileRef = 2D2C88572170373C009F7894 /* ProfileBtn.swift */; };
		2D2C885A2170D8DC009F7894 /* StoryStack.xib in Resources */ = {isa = PBXBuildFile; fileRef = 2D2C88592170D8DC009F7894 /* StoryStack.xib */; };
		2D2C885C2170D97C009F7894 /* StoryStack.swift in Sources */ = {isa = PBXBuildFile; fileRef = 2D2C885B2170D97C009F7894 /* StoryStack.swift */; };
		2D2C885E2170DA63009F7894 /* StoryBtnView.swift in Sources */ = {isa = PBXBuildFile; fileRef = 2D2C885D2170DA63009F7894 /* StoryBtnView.swift */; };
		2D2C88622170DA80009F7894 /* StoryBtnView.xib in Resources */ = {isa = PBXBuildFile; fileRef = 2D2C88612170DA80009F7894 /* StoryBtnView.xib */; };
		2D30C89B21954323000BD1DA /* Comment.swift in Sources */ = {isa = PBXBuildFile; fileRef = 2D30C89A21954323000BD1DA /* Comment.swift */; };
		2D30C89D21954662000BD1DA /* CommentsListVC.swift in Sources */ = {isa = PBXBuildFile; fileRef = 2D30C89C21954662000BD1DA /* CommentsListVC.swift */; };
		2D30C8A02195E307000BD1DA /* LikesCountLabel.swift in Sources */ = {isa = PBXBuildFile; fileRef = 2D30C89F2195E307000BD1DA /* LikesCountLabel.swift */; };
		2D30C8A22195E580000BD1DA /* StandardBoldLabel.swift in Sources */ = {isa = PBXBuildFile; fileRef = 2D30C8A12195E580000BD1DA /* StandardBoldLabel.swift */; };
		2D30C8A4219654F2000BD1DA /* PostDescriptionLabel.swift in Sources */ = {isa = PBXBuildFile; fileRef = 2D30C8A3219654F2000BD1DA /* PostDescriptionLabel.swift */; };
		2D314C9F2159711A00B74FBA /* AppDelegate.swift in Sources */ = {isa = PBXBuildFile; fileRef = 2D314C9E2159711A00B74FBA /* AppDelegate.swift */; };
		2D314CA42159711A00B74FBA /* Main.storyboard in Resources */ = {isa = PBXBuildFile; fileRef = 2D314CA22159711A00B74FBA /* Main.storyboard */; };
		2D314CA72159711A00B74FBA /* mockstagram.xcdatamodeld in Sources */ = {isa = PBXBuildFile; fileRef = 2D314CA52159711A00B74FBA /* mockstagram.xcdatamodeld */; };
		2D314CA92159711B00B74FBA /* Assets.xcassets in Resources */ = {isa = PBXBuildFile; fileRef = 2D314CA82159711B00B74FBA /* Assets.xcassets */; };
		2D314CAC2159711B00B74FBA /* LaunchScreen.storyboard in Resources */ = {isa = PBXBuildFile; fileRef = 2D314CAA2159711B00B74FBA /* LaunchScreen.storyboard */; };
		2D314CB72159711B00B74FBA /* mockstagramTests.swift in Sources */ = {isa = PBXBuildFile; fileRef = 2D314CB62159711B00B74FBA /* mockstagramTests.swift */; };
		2D314CC22159711B00B74FBA /* mockstagramUITests.swift in Sources */ = {isa = PBXBuildFile; fileRef = 2D314CC12159711B00B74FBA /* mockstagramUITests.swift */; };
		2D3E6641216E3CD100CD96FC /* ProfileHeaderStatsView.xib in Resources */ = {isa = PBXBuildFile; fileRef = 2D3E6640216E3CD100CD96FC /* ProfileHeaderStatsView.xib */; };
		2D3E6643216E3D3200CD96FC /* ProfileHeaderStatsView.swift in Sources */ = {isa = PBXBuildFile; fileRef = 2D3E6642216E3D3200CD96FC /* ProfileHeaderStatsView.swift */; };
		2D449FC72171AD7000351D9B /* ProfileContactBtn.swift in Sources */ = {isa = PBXBuildFile; fileRef = 2D449FC62171AD7000351D9B /* ProfileContactBtn.swift */; };
		2D4569FF217D5D9000C91E40 /* MasterContainerVC.swift in Sources */ = {isa = PBXBuildFile; fileRef = 2D4569FE217D5D9000C91E40 /* MasterContainerVC.swift */; };
		2D456A01217D79D700C91E40 /* MainTabBC.swift in Sources */ = {isa = PBXBuildFile; fileRef = 2D456A00217D79D700C91E40 /* MainTabBC.swift */; };
		2D4C4880217B889600A29019 /* BizToolsSlider.swift in Sources */ = {isa = PBXBuildFile; fileRef = 2D4C487F217B889600A29019 /* BizToolsSlider.swift */; };
		2D4C4882217B891400A29019 /* BizToolsSlideOne.xib in Resources */ = {isa = PBXBuildFile; fileRef = 2D4C4881217B891400A29019 /* BizToolsSlideOne.xib */; };
		2D4C4884217B893400A29019 /* BizToolsSlideOne.swift in Sources */ = {isa = PBXBuildFile; fileRef = 2D4C4883217B893400A29019 /* BizToolsSlideOne.swift */; };
		2D4C4887217B8E9900A29019 /* BizToolsSlideTwo.xib in Resources */ = {isa = PBXBuildFile; fileRef = 2D4C4886217B8E9900A29019 /* BizToolsSlideTwo.xib */; };
		2D4C4889217B8EB300A29019 /* BizToolsSlideTwo.swift in Sources */ = {isa = PBXBuildFile; fileRef = 2D4C4888217B8EB300A29019 /* BizToolsSlideTwo.swift */; };
		2D4C488B217B94BA00A29019 /* NSLayoutConstraintExtensions.swift in Sources */ = {isa = PBXBuildFile; fileRef = 2D4C488A217B94BA00A29019 /* NSLayoutConstraintExtensions.swift */; };
		2D50EA9E2176D5070012C1FE /* ContainerView.swift in Sources */ = {isa = PBXBuildFile; fileRef = 2D50EA9D2176D5070012C1FE /* ContainerView.swift */; };
		2D515A27217A9D6D007DC6A6 /* StandardSliderView.xib in Resources */ = {isa = PBXBuildFile; fileRef = 2D515A26217A9D6D007DC6A6 /* StandardSliderView.xib */; };
		2D515A29217A9D9A007DC6A6 /* StandardSliderView.swift in Sources */ = {isa = PBXBuildFile; fileRef = 2D515A28217A9D9A007DC6A6 /* StandardSliderView.swift */; };
		2D71C9FE216BAAE1006A8D30 /* MainNavTabBar.swift in Sources */ = {isa = PBXBuildFile; fileRef = 2D71C9FD216BAAE1006A8D30 /* MainNavTabBar.swift */; };
		2D86594621598431003A5B67 /* MainFeedVC.swift in Sources */ = {isa = PBXBuildFile; fileRef = 2D86594521598431003A5B67 /* MainFeedVC.swift */; };
		2D86594D21598905003A5B67 /* UIViewExtensions.swift in Sources */ = {isa = PBXBuildFile; fileRef = 2D86594C21598905003A5B67 /* UIViewExtensions.swift */; };
		2D86594F2159EFC4003A5B67 /* MediaCard.xib in Resources */ = {isa = PBXBuildFile; fileRef = 2D86594E2159EFC4003A5B67 /* MediaCard.xib */; };
		2D8659512159F04F003A5B67 /* MediaCard.swift in Sources */ = {isa = PBXBuildFile; fileRef = 2D8659502159F04F003A5B67 /* MediaCard.swift */; };
		2DAEAEE5218E1DD50037D971 /* User.swift in Sources */ = {isa = PBXBuildFile; fileRef = 2DAEAEE4218E1DD50037D971 /* User.swift */; };
		2DAEAEE7218E1FF90037D971 /* UserSettings.swift in Sources */ = {isa = PBXBuildFile; fileRef = 2DAEAEE6218E1FF90037D971 /* UserSettings.swift */; };
		2DAEAEE9218E213E0037D971 /* Post.swift in Sources */ = {isa = PBXBuildFile; fileRef = 2DAEAEE8218E213E0037D971 /* Post.swift */; };
		2DC1A382217390CF004833DD /* ProfileHeaderView.xib in Resources */ = {isa = PBXBuildFile; fileRef = 2DC1A381217390CF004833DD /* ProfileHeaderView.xib */; };
		2DC1A3842173911D004833DD /* ProfileHeaderView.swift in Sources */ = {isa = PBXBuildFile; fileRef = 2DC1A3832173911D004833DD /* ProfileHeaderView.swift */; };
		2DC1A38621739FF9004833DD /* ProfileOccupationView.swift in Sources */ = {isa = PBXBuildFile; fileRef = 2DC1A38521739FF9004833DD /* ProfileOccupationView.swift */; };
		2DC1A3892173AF2E004833DD /* DynamicHeightLabel.swift in Sources */ = {isa = PBXBuildFile; fileRef = 2DC1A3882173AF2E004833DD /* DynamicHeightLabel.swift */; };
		2DC1A38B2174252F004833DD /* ProfileFollowersListView.swift in Sources */ = {isa = PBXBuildFile; fileRef = 2DC1A38A2174252F004833DD /* ProfileFollowersListView.swift */; };
		2DC1A38D21742734004833DD /* StandardStackSubView.swift in Sources */ = {isa = PBXBuildFile; fileRef = 2DC1A38C21742734004833DD /* StandardStackSubView.swift */; };
		2DC1A38F2174E07F004833DD /* StringExtensions.swift in Sources */ = {isa = PBXBuildFile; fileRef = 2DC1A38E2174E07F004833DD /* StringExtensions.swift */; };
		2DC1A3912174E0BE004833DD /* NSAttributedStringExtensions.swift in Sources */ = {isa = PBXBuildFile; fileRef = 2DC1A3902174E0BE004833DD /* NSAttributedStringExtensions.swift */; };
		2DCBB7AA2184F3B50025DBCD /* ProfileOptionsTVC.swift in Sources */ = {isa = PBXBuildFile; fileRef = 2DCBB7A92184F3B50025DBCD /* ProfileOptionsTVC.swift */; };
		2DDC94E62177C99F002C6B5B /* ProfileEditView.xib in Resources */ = {isa = PBXBuildFile; fileRef = 2DDC94E52177C99F002C6B5B /* ProfileEditView.xib */; };
		2DDC94E82177C9B1002C6B5B /* ProfileEditView.swift in Sources */ = {isa = PBXBuildFile; fileRef = 2DDC94E72177C9B1002C6B5B /* ProfileEditView.swift */; };
		2DDC94EA2177DA1F002C6B5B /* StandardFormNavController.swift in Sources */ = {isa = PBXBuildFile; fileRef = 2DDC94E92177DA1F002C6B5B /* StandardFormNavController.swift */; };
		2DDC94EC2178200C002C6B5B /* StandardFormFieldView.xib in Resources */ = {isa = PBXBuildFile; fileRef = 2DDC94EB2178200C002C6B5B /* StandardFormFieldView.xib */; };
		2DDC94EF21782065002C6B5B /* StandardFormFieldView.swift in Sources */ = {isa = PBXBuildFile; fileRef = 2DDC94EE21782065002C6B5B /* StandardFormFieldView.swift */; };
		2DDC94F12178DDA7002C6B5B /* StandardFormSectionBtn.swift in Sources */ = {isa = PBXBuildFile; fileRef = 2DDC94F02178DDA7002C6B5B /* StandardFormSectionBtn.swift */; };
		2DE70068217E782F00EEE624 /* HamburgerMenuItemView.swift in Sources */ = {isa = PBXBuildFile; fileRef = 2DE70067217E782F00EEE624 /* HamburgerMenuItemView.swift */; };
		2DE7006A217E8A0700EEE624 /* ProfileMenuVC.swift in Sources */ = {isa = PBXBuildFile; fileRef = 2DE70069217E8A0700EEE624 /* ProfileMenuVC.swift */; };
		2DE972A6218FBB820002ED45 /* DataGlobals.swift in Sources */ = {isa = PBXBuildFile; fileRef = 2DE972A5218FBB820002ED45 /* DataGlobals.swift */; };
		2DEE28EF216CF8E90007A239 /* Lato-Light.ttf in Resources */ = {isa = PBXBuildFile; fileRef = 2DEE28E5216CF8E80007A239 /* Lato-Light.ttf */; };
		2DEE28F0216CF8E90007A239 /* Lato-Black.ttf in Resources */ = {isa = PBXBuildFile; fileRef = 2DEE28E6216CF8E80007A239 /* Lato-Black.ttf */; };
		2DEE28F1216CF8E90007A239 /* Lato-BlackItalic.ttf in Resources */ = {isa = PBXBuildFile; fileRef = 2DEE28E7216CF8E80007A239 /* Lato-BlackItalic.ttf */; };
		2DEE28F2216CF8E90007A239 /* Lato-Bold.ttf in Resources */ = {isa = PBXBuildFile; fileRef = 2DEE28E8216CF8E80007A239 /* Lato-Bold.ttf */; };
		2DEE28F3216CF8E90007A239 /* Lato-Italic.ttf in Resources */ = {isa = PBXBuildFile; fileRef = 2DEE28E9216CF8E80007A239 /* Lato-Italic.ttf */; };
		2DEE28F4216CF8E90007A239 /* Lato-Hairline.ttf in Resources */ = {isa = PBXBuildFile; fileRef = 2DEE28EA216CF8E90007A239 /* Lato-Hairline.ttf */; };
		2DEE28F5216CF8E90007A239 /* Lato-Regular.ttf in Resources */ = {isa = PBXBuildFile; fileRef = 2DEE28EB216CF8E90007A239 /* Lato-Regular.ttf */; };
		2DEE28F6216CF8E90007A239 /* Lato-BoldItalic.ttf in Resources */ = {isa = PBXBuildFile; fileRef = 2DEE28EC216CF8E90007A239 /* Lato-BoldItalic.ttf */; };
		2DEE28F7216CF8E90007A239 /* Lato-HairlineItalic.ttf in Resources */ = {isa = PBXBuildFile; fileRef = 2DEE28ED216CF8E90007A239 /* Lato-HairlineItalic.ttf */; };
		2DEE28F8216CF8E90007A239 /* Lato-LightItalic.ttf in Resources */ = {isa = PBXBuildFile; fileRef = 2DEE28EE216CF8E90007A239 /* Lato-LightItalic.ttf */; };
		2DEE28FD216D079B0007A239 /* ProfileVC.swift in Sources */ = {isa = PBXBuildFile; fileRef = 2DEE28FC216D079B0007A239 /* ProfileVC.swift */; };
		2DEE2900216D295C0007A239 /* ThemeGlobals.swift in Sources */ = {isa = PBXBuildFile; fileRef = 2DEE28FF216D295C0007A239 /* ThemeGlobals.swift */; };
		2DEE2903216D29CD0007A239 /* UIColorExtensions.swift in Sources */ = {isa = PBXBuildFile; fileRef = 2DEE2902216D29CD0007A239 /* UIColorExtensions.swift */; };
		2DF206782170E93A008A6A6A /* UIStackViewExtensions.swift in Sources */ = {isa = PBXBuildFile; fileRef = 2DF206772170E93A008A6A6A /* UIStackViewExtensions.swift */; };
		2DFF5D5C2190F99C001A71C4 /* MediaCardFooterIcon.swift in Sources */ = {isa = PBXBuildFile; fileRef = 2DFF5D5B2190F99C001A71C4 /* MediaCardFooterIcon.swift */; };
		69EAC91C875E9CD0B0C9576C /* Pods_mockstagramTests.framework in Frameworks */ = {isa = PBXBuildFile; fileRef = 9AB3C7D952E9184FCDACCBF4 /* Pods_mockstagramTests.framework */; };
		7EE69E0172AD73B65220FC93 /* Pods_mockstagramUITests.framework in Frameworks */ = {isa = PBXBuildFile; fileRef = 41583CCF2853BB96D1EEAD2B /* Pods_mockstagramUITests.framework */; };
		B6510D9C8F030E2002AA82F9 /* Pods_mockstagram.framework in Frameworks */ = {isa = PBXBuildFile; fileRef = EAA7F654F151A8CDFF3650C2 /* Pods_mockstagram.framework */; };
/* End PBXBuildFile section */

/* Begin PBXContainerItemProxy section */
		2D314CB32159711B00B74FBA /* PBXContainerItemProxy */ = {
			isa = PBXContainerItemProxy;
			containerPortal = 2D314C932159711A00B74FBA /* Project object */;
			proxyType = 1;
			remoteGlobalIDString = 2D314C9A2159711A00B74FBA;
			remoteInfo = mockstagram;
		};
		2D314CBE2159711B00B74FBA /* PBXContainerItemProxy */ = {
			isa = PBXContainerItemProxy;
			containerPortal = 2D314C932159711A00B74FBA /* Project object */;
			proxyType = 1;
			remoteGlobalIDString = 2D314C9A2159711A00B74FBA;
			remoteInfo = mockstagram;
		};
/* End PBXContainerItemProxy section */

/* Begin PBXFileReference section */
		2D090DCE218F761500086A7A /* DecodableExtensions.swift */ = {isa = PBXFileReference; lastKnownFileType = sourcecode.swift; path = DecodableExtensions.swift; sourceTree = "<group>"; };
		2D12590E2177704400691077 /* ProfileContactView.xib */ = {isa = PBXFileReference; lastKnownFileType = file.xib; path = ProfileContactView.xib; sourceTree = "<group>"; };
		2D1259102177707D00691077 /* ProfileContactView.swift */ = {isa = PBXFileReference; lastKnownFileType = sourcecode.swift; path = ProfileContactView.swift; sourceTree = "<group>"; };
		2D18DBF42184EC06003CED4D /* SegueGlobals.swift */ = {isa = PBXFileReference; lastKnownFileType = sourcecode.swift; path = SegueGlobals.swift; sourceTree = "<group>"; };
		2D23B94121974F310091B428 /* NSMutableAttributedStringExtensions.swift */ = {isa = PBXFileReference; lastKnownFileType = sourcecode.swift; path = NSMutableAttributedStringExtensions.swift; sourceTree = "<group>"; };
		2D23B94321975A060091B428 /* UILabelExtensions.swift */ = {isa = PBXFileReference; lastKnownFileType = sourcecode.swift; path = UILabelExtensions.swift; sourceTree = "<group>"; };
		2D254F50218DF01500B6C42F /* GoogleService-Info.plist */ = {isa = PBXFileReference; fileEncoding = 4; lastKnownFileType = text.plist.xml; path = "GoogleService-Info.plist"; sourceTree = "<group>"; };
		2D2C88572170373C009F7894 /* ProfileBtn.swift */ = {isa = PBXFileReference; lastKnownFileType = sourcecode.swift; path = ProfileBtn.swift; sourceTree = "<group>"; };
		2D2C88592170D8DC009F7894 /* StoryStack.xib */ = {isa = PBXFileReference; lastKnownFileType = file.xib; path = StoryStack.xib; sourceTree = "<group>"; };
		2D2C885B2170D97C009F7894 /* StoryStack.swift */ = {isa = PBXFileReference; lastKnownFileType = sourcecode.swift; path = StoryStack.swift; sourceTree = "<group>"; };
		2D2C885D2170DA63009F7894 /* StoryBtnView.swift */ = {isa = PBXFileReference; lastKnownFileType = sourcecode.swift; path = StoryBtnView.swift; sourceTree = "<group>"; };
		2D2C88612170DA80009F7894 /* StoryBtnView.xib */ = {isa = PBXFileReference; lastKnownFileType = file.xib; path = StoryBtnView.xib; sourceTree = "<group>"; };
		2D30C89A21954323000BD1DA /* Comment.swift */ = {isa = PBXFileReference; lastKnownFileType = sourcecode.swift; path = Comment.swift; sourceTree = "<group>"; };
		2D30C89C21954662000BD1DA /* CommentsListVC.swift */ = {isa = PBXFileReference; lastKnownFileType = sourcecode.swift; path = CommentsListVC.swift; sourceTree = "<group>"; };
		2D30C89F2195E307000BD1DA /* LikesCountLabel.swift */ = {isa = PBXFileReference; lastKnownFileType = sourcecode.swift; path = LikesCountLabel.swift; sourceTree = "<group>"; };
		2D30C8A12195E580000BD1DA /* StandardBoldLabel.swift */ = {isa = PBXFileReference; lastKnownFileType = sourcecode.swift; path = StandardBoldLabel.swift; sourceTree = "<group>"; };
		2D30C8A3219654F2000BD1DA /* PostDescriptionLabel.swift */ = {isa = PBXFileReference; lastKnownFileType = sourcecode.swift; path = PostDescriptionLabel.swift; sourceTree = "<group>"; };
		2D314C9B2159711A00B74FBA /* mockstagram.app */ = {isa = PBXFileReference; explicitFileType = wrapper.application; includeInIndex = 0; path = mockstagram.app; sourceTree = BUILT_PRODUCTS_DIR; };
		2D314C9E2159711A00B74FBA /* AppDelegate.swift */ = {isa = PBXFileReference; lastKnownFileType = sourcecode.swift; path = AppDelegate.swift; sourceTree = "<group>"; };
		2D314CA32159711A00B74FBA /* Base */ = {isa = PBXFileReference; lastKnownFileType = file.storyboard; name = Base; path = Base.lproj/Main.storyboard; sourceTree = "<group>"; };
		2D314CA62159711A00B74FBA /* mockstagram.xcdatamodel */ = {isa = PBXFileReference; lastKnownFileType = wrapper.xcdatamodel; path = mockstagram.xcdatamodel; sourceTree = "<group>"; };
		2D314CA82159711B00B74FBA /* Assets.xcassets */ = {isa = PBXFileReference; lastKnownFileType = folder.assetcatalog; path = Assets.xcassets; sourceTree = "<group>"; };
		2D314CAB2159711B00B74FBA /* Base */ = {isa = PBXFileReference; lastKnownFileType = file.storyboard; name = Base; path = Base.lproj/LaunchScreen.storyboard; sourceTree = "<group>"; };
		2D314CAD2159711B00B74FBA /* Info.plist */ = {isa = PBXFileReference; lastKnownFileType = text.plist.xml; path = Info.plist; sourceTree = "<group>"; };
		2D314CB22159711B00B74FBA /* mockstagramTests.xctest */ = {isa = PBXFileReference; explicitFileType = wrapper.cfbundle; includeInIndex = 0; path = mockstagramTests.xctest; sourceTree = BUILT_PRODUCTS_DIR; };
		2D314CB62159711B00B74FBA /* mockstagramTests.swift */ = {isa = PBXFileReference; lastKnownFileType = sourcecode.swift; path = mockstagramTests.swift; sourceTree = "<group>"; };
		2D314CB82159711B00B74FBA /* Info.plist */ = {isa = PBXFileReference; lastKnownFileType = text.plist.xml; path = Info.plist; sourceTree = "<group>"; };
		2D314CBD2159711B00B74FBA /* mockstagramUITests.xctest */ = {isa = PBXFileReference; explicitFileType = wrapper.cfbundle; includeInIndex = 0; path = mockstagramUITests.xctest; sourceTree = BUILT_PRODUCTS_DIR; };
		2D314CC12159711B00B74FBA /* mockstagramUITests.swift */ = {isa = PBXFileReference; lastKnownFileType = sourcecode.swift; path = mockstagramUITests.swift; sourceTree = "<group>"; };
		2D314CC32159711B00B74FBA /* Info.plist */ = {isa = PBXFileReference; lastKnownFileType = text.plist.xml; path = Info.plist; sourceTree = "<group>"; };
		2D3E6640216E3CD100CD96FC /* ProfileHeaderStatsView.xib */ = {isa = PBXFileReference; lastKnownFileType = file.xib; path = ProfileHeaderStatsView.xib; sourceTree = "<group>"; };
		2D3E6642216E3D3200CD96FC /* ProfileHeaderStatsView.swift */ = {isa = PBXFileReference; lastKnownFileType = sourcecode.swift; path = ProfileHeaderStatsView.swift; sourceTree = "<group>"; };
		2D449FC62171AD7000351D9B /* ProfileContactBtn.swift */ = {isa = PBXFileReference; lastKnownFileType = sourcecode.swift; path = ProfileContactBtn.swift; sourceTree = "<group>"; };
		2D4569FE217D5D9000C91E40 /* MasterContainerVC.swift */ = {isa = PBXFileReference; lastKnownFileType = sourcecode.swift; path = MasterContainerVC.swift; sourceTree = "<group>"; };
		2D456A00217D79D700C91E40 /* MainTabBC.swift */ = {isa = PBXFileReference; lastKnownFileType = sourcecode.swift; path = MainTabBC.swift; sourceTree = "<group>"; };
		2D4C487F217B889600A29019 /* BizToolsSlider.swift */ = {isa = PBXFileReference; lastKnownFileType = sourcecode.swift; path = BizToolsSlider.swift; sourceTree = "<group>"; };
		2D4C4881217B891400A29019 /* BizToolsSlideOne.xib */ = {isa = PBXFileReference; lastKnownFileType = file.xib; path = BizToolsSlideOne.xib; sourceTree = "<group>"; };
		2D4C4883217B893400A29019 /* BizToolsSlideOne.swift */ = {isa = PBXFileReference; lastKnownFileType = sourcecode.swift; path = BizToolsSlideOne.swift; sourceTree = "<group>"; };
		2D4C4886217B8E9900A29019 /* BizToolsSlideTwo.xib */ = {isa = PBXFileReference; lastKnownFileType = file.xib; path = BizToolsSlideTwo.xib; sourceTree = "<group>"; };
		2D4C4888217B8EB300A29019 /* BizToolsSlideTwo.swift */ = {isa = PBXFileReference; lastKnownFileType = sourcecode.swift; path = BizToolsSlideTwo.swift; sourceTree = "<group>"; };
		2D4C488A217B94BA00A29019 /* NSLayoutConstraintExtensions.swift */ = {isa = PBXFileReference; lastKnownFileType = sourcecode.swift; path = NSLayoutConstraintExtensions.swift; sourceTree = "<group>"; };
		2D50EA9D2176D5070012C1FE /* ContainerView.swift */ = {isa = PBXFileReference; lastKnownFileType = sourcecode.swift; path = ContainerView.swift; sourceTree = "<group>"; };
		2D515A26217A9D6D007DC6A6 /* StandardSliderView.xib */ = {isa = PBXFileReference; lastKnownFileType = file.xib; path = StandardSliderView.xib; sourceTree = "<group>"; };
		2D515A28217A9D9A007DC6A6 /* StandardSliderView.swift */ = {isa = PBXFileReference; lastKnownFileType = sourcecode.swift; path = StandardSliderView.swift; sourceTree = "<group>"; };
		2D71C9FD216BAAE1006A8D30 /* MainNavTabBar.swift */ = {isa = PBXFileReference; lastKnownFileType = sourcecode.swift; path = MainNavTabBar.swift; sourceTree = "<group>"; };
		2D86594521598431003A5B67 /* MainFeedVC.swift */ = {isa = PBXFileReference; lastKnownFileType = sourcecode.swift; path = MainFeedVC.swift; sourceTree = "<group>"; };
		2D86594C21598905003A5B67 /* UIViewExtensions.swift */ = {isa = PBXFileReference; lastKnownFileType = sourcecode.swift; path = UIViewExtensions.swift; sourceTree = "<group>"; };
		2D86594E2159EFC4003A5B67 /* MediaCard.xib */ = {isa = PBXFileReference; lastKnownFileType = file.xib; path = MediaCard.xib; sourceTree = "<group>"; };
		2D8659502159F04F003A5B67 /* MediaCard.swift */ = {isa = PBXFileReference; lastKnownFileType = sourcecode.swift; path = MediaCard.swift; sourceTree = "<group>"; };
		2DAEAEE4218E1DD50037D971 /* User.swift */ = {isa = PBXFileReference; lastKnownFileType = sourcecode.swift; path = User.swift; sourceTree = "<group>"; };
		2DAEAEE6218E1FF90037D971 /* UserSettings.swift */ = {isa = PBXFileReference; lastKnownFileType = sourcecode.swift; path = UserSettings.swift; sourceTree = "<group>"; };
		2DAEAEE8218E213E0037D971 /* Post.swift */ = {isa = PBXFileReference; lastKnownFileType = sourcecode.swift; path = Post.swift; sourceTree = "<group>"; };
		2DC1A381217390CF004833DD /* ProfileHeaderView.xib */ = {isa = PBXFileReference; lastKnownFileType = file.xib; path = ProfileHeaderView.xib; sourceTree = "<group>"; };
		2DC1A3832173911D004833DD /* ProfileHeaderView.swift */ = {isa = PBXFileReference; lastKnownFileType = sourcecode.swift; path = ProfileHeaderView.swift; sourceTree = "<group>"; };
		2DC1A38521739FF9004833DD /* ProfileOccupationView.swift */ = {isa = PBXFileReference; lastKnownFileType = sourcecode.swift; path = ProfileOccupationView.swift; sourceTree = "<group>"; };
		2DC1A3882173AF2E004833DD /* DynamicHeightLabel.swift */ = {isa = PBXFileReference; lastKnownFileType = sourcecode.swift; path = DynamicHeightLabel.swift; sourceTree = "<group>"; };
		2DC1A38A2174252F004833DD /* ProfileFollowersListView.swift */ = {isa = PBXFileReference; lastKnownFileType = sourcecode.swift; path = ProfileFollowersListView.swift; sourceTree = "<group>"; };
		2DC1A38C21742734004833DD /* StandardStackSubView.swift */ = {isa = PBXFileReference; lastKnownFileType = sourcecode.swift; path = StandardStackSubView.swift; sourceTree = "<group>"; };
		2DC1A38E2174E07F004833DD /* StringExtensions.swift */ = {isa = PBXFileReference; lastKnownFileType = sourcecode.swift; path = StringExtensions.swift; sourceTree = "<group>"; };
		2DC1A3902174E0BE004833DD /* NSAttributedStringExtensions.swift */ = {isa = PBXFileReference; lastKnownFileType = sourcecode.swift; path = NSAttributedStringExtensions.swift; sourceTree = "<group>"; };
		2DCBB7A92184F3B50025DBCD /* ProfileOptionsTVC.swift */ = {isa = PBXFileReference; lastKnownFileType = sourcecode.swift; path = ProfileOptionsTVC.swift; sourceTree = "<group>"; };
		2DDC94E52177C99F002C6B5B /* ProfileEditView.xib */ = {isa = PBXFileReference; lastKnownFileType = file.xib; path = ProfileEditView.xib; sourceTree = "<group>"; };
		2DDC94E72177C9B1002C6B5B /* ProfileEditView.swift */ = {isa = PBXFileReference; lastKnownFileType = sourcecode.swift; path = ProfileEditView.swift; sourceTree = "<group>"; };
		2DDC94E92177DA1F002C6B5B /* StandardFormNavController.swift */ = {isa = PBXFileReference; lastKnownFileType = sourcecode.swift; path = StandardFormNavController.swift; sourceTree = "<group>"; };
		2DDC94EB2178200C002C6B5B /* StandardFormFieldView.xib */ = {isa = PBXFileReference; lastKnownFileType = file.xib; path = StandardFormFieldView.xib; sourceTree = "<group>"; };
		2DDC94EE21782065002C6B5B /* StandardFormFieldView.swift */ = {isa = PBXFileReference; lastKnownFileType = sourcecode.swift; path = StandardFormFieldView.swift; sourceTree = "<group>"; };
		2DDC94F02178DDA7002C6B5B /* StandardFormSectionBtn.swift */ = {isa = PBXFileReference; lastKnownFileType = sourcecode.swift; path = StandardFormSectionBtn.swift; sourceTree = "<group>"; };
		2DE70067217E782F00EEE624 /* HamburgerMenuItemView.swift */ = {isa = PBXFileReference; lastKnownFileType = sourcecode.swift; path = HamburgerMenuItemView.swift; sourceTree = "<group>"; };
		2DE70069217E8A0700EEE624 /* ProfileMenuVC.swift */ = {isa = PBXFileReference; lastKnownFileType = sourcecode.swift; path = ProfileMenuVC.swift; sourceTree = "<group>"; };
		2DE972A5218FBB820002ED45 /* DataGlobals.swift */ = {isa = PBXFileReference; lastKnownFileType = sourcecode.swift; path = DataGlobals.swift; sourceTree = "<group>"; };
		2DEE28E5216CF8E80007A239 /* Lato-Light.ttf */ = {isa = PBXFileReference; lastKnownFileType = file; path = "Lato-Light.ttf"; sourceTree = "<group>"; };
		2DEE28E6216CF8E80007A239 /* Lato-Black.ttf */ = {isa = PBXFileReference; lastKnownFileType = file; path = "Lato-Black.ttf"; sourceTree = "<group>"; };
		2DEE28E7216CF8E80007A239 /* Lato-BlackItalic.ttf */ = {isa = PBXFileReference; lastKnownFileType = file; path = "Lato-BlackItalic.ttf"; sourceTree = "<group>"; };
		2DEE28E8216CF8E80007A239 /* Lato-Bold.ttf */ = {isa = PBXFileReference; lastKnownFileType = file; path = "Lato-Bold.ttf"; sourceTree = "<group>"; };
		2DEE28E9216CF8E80007A239 /* Lato-Italic.ttf */ = {isa = PBXFileReference; lastKnownFileType = file; path = "Lato-Italic.ttf"; sourceTree = "<group>"; };
		2DEE28EA216CF8E90007A239 /* Lato-Hairline.ttf */ = {isa = PBXFileReference; lastKnownFileType = file; path = "Lato-Hairline.ttf"; sourceTree = "<group>"; };
		2DEE28EB216CF8E90007A239 /* Lato-Regular.ttf */ = {isa = PBXFileReference; lastKnownFileType = file; path = "Lato-Regular.ttf"; sourceTree = "<group>"; };
		2DEE28EC216CF8E90007A239 /* Lato-BoldItalic.ttf */ = {isa = PBXFileReference; lastKnownFileType = file; path = "Lato-BoldItalic.ttf"; sourceTree = "<group>"; };
		2DEE28ED216CF8E90007A239 /* Lato-HairlineItalic.ttf */ = {isa = PBXFileReference; lastKnownFileType = file; path = "Lato-HairlineItalic.ttf"; sourceTree = "<group>"; };
		2DEE28EE216CF8E90007A239 /* Lato-LightItalic.ttf */ = {isa = PBXFileReference; lastKnownFileType = file; path = "Lato-LightItalic.ttf"; sourceTree = "<group>"; };
		2DEE28FC216D079B0007A239 /* ProfileVC.swift */ = {isa = PBXFileReference; lastKnownFileType = sourcecode.swift; path = ProfileVC.swift; sourceTree = "<group>"; };
		2DEE28FF216D295C0007A239 /* ThemeGlobals.swift */ = {isa = PBXFileReference; lastKnownFileType = sourcecode.swift; path = ThemeGlobals.swift; sourceTree = "<group>"; };
		2DEE2902216D29CD0007A239 /* UIColorExtensions.swift */ = {isa = PBXFileReference; lastKnownFileType = sourcecode.swift; path = UIColorExtensions.swift; sourceTree = "<group>"; };
		2DF206772170E93A008A6A6A /* UIStackViewExtensions.swift */ = {isa = PBXFileReference; lastKnownFileType = sourcecode.swift; path = UIStackViewExtensions.swift; sourceTree = "<group>"; };
		2DFF5D5B2190F99C001A71C4 /* MediaCardFooterIcon.swift */ = {isa = PBXFileReference; lastKnownFileType = sourcecode.swift; path = MediaCardFooterIcon.swift; sourceTree = "<group>"; };
		41583CCF2853BB96D1EEAD2B /* Pods_mockstagramUITests.framework */ = {isa = PBXFileReference; explicitFileType = wrapper.framework; includeInIndex = 0; path = Pods_mockstagramUITests.framework; sourceTree = BUILT_PRODUCTS_DIR; };
		487BB71DC302775A0AD855C8 /* Pods-mockstagramTests.debug.xcconfig */ = {isa = PBXFileReference; includeInIndex = 1; lastKnownFileType = text.xcconfig; name = "Pods-mockstagramTests.debug.xcconfig"; path = "Pods/Target Support Files/Pods-mockstagramTests/Pods-mockstagramTests.debug.xcconfig"; sourceTree = "<group>"; };
		643375E5605FA9B70F39C0E6 /* Pods-mockstagramTests.release.xcconfig */ = {isa = PBXFileReference; includeInIndex = 1; lastKnownFileType = text.xcconfig; name = "Pods-mockstagramTests.release.xcconfig"; path = "Pods/Target Support Files/Pods-mockstagramTests/Pods-mockstagramTests.release.xcconfig"; sourceTree = "<group>"; };
		7749F9E07AA3553B2FE9C5FF /* Pods-mockstagramUITests.release.xcconfig */ = {isa = PBXFileReference; includeInIndex = 1; lastKnownFileType = text.xcconfig; name = "Pods-mockstagramUITests.release.xcconfig"; path = "Pods/Target Support Files/Pods-mockstagramUITests/Pods-mockstagramUITests.release.xcconfig"; sourceTree = "<group>"; };
		8DF24B631CDECB9AF03C04EB /* Pods-mockstagramUITests.debug.xcconfig */ = {isa = PBXFileReference; includeInIndex = 1; lastKnownFileType = text.xcconfig; name = "Pods-mockstagramUITests.debug.xcconfig"; path = "Pods/Target Support Files/Pods-mockstagramUITests/Pods-mockstagramUITests.debug.xcconfig"; sourceTree = "<group>"; };
		9AB3C7D952E9184FCDACCBF4 /* Pods_mockstagramTests.framework */ = {isa = PBXFileReference; explicitFileType = wrapper.framework; includeInIndex = 0; path = Pods_mockstagramTests.framework; sourceTree = BUILT_PRODUCTS_DIR; };
		B79D5DCC6D426DFDD8336013 /* Pods-mockstagram.release.xcconfig */ = {isa = PBXFileReference; includeInIndex = 1; lastKnownFileType = text.xcconfig; name = "Pods-mockstagram.release.xcconfig"; path = "Pods/Target Support Files/Pods-mockstagram/Pods-mockstagram.release.xcconfig"; sourceTree = "<group>"; };
		D68F624F1C6A9A6BC6D58C0D /* Pods-mockstagram.debug.xcconfig */ = {isa = PBXFileReference; includeInIndex = 1; lastKnownFileType = text.xcconfig; name = "Pods-mockstagram.debug.xcconfig"; path = "Pods/Target Support Files/Pods-mockstagram/Pods-mockstagram.debug.xcconfig"; sourceTree = "<group>"; };
		EAA7F654F151A8CDFF3650C2 /* Pods_mockstagram.framework */ = {isa = PBXFileReference; explicitFileType = wrapper.framework; includeInIndex = 0; path = Pods_mockstagram.framework; sourceTree = BUILT_PRODUCTS_DIR; };
/* End PBXFileReference section */

/* Begin PBXFrameworksBuildPhase section */
		2D314C982159711A00B74FBA /* Frameworks */ = {
			isa = PBXFrameworksBuildPhase;
			buildActionMask = 2147483647;
			files = (
				B6510D9C8F030E2002AA82F9 /* Pods_mockstagram.framework in Frameworks */,
			);
			runOnlyForDeploymentPostprocessing = 0;
		};
		2D314CAF2159711B00B74FBA /* Frameworks */ = {
			isa = PBXFrameworksBuildPhase;
			buildActionMask = 2147483647;
			files = (
				69EAC91C875E9CD0B0C9576C /* Pods_mockstagramTests.framework in Frameworks */,
			);
			runOnlyForDeploymentPostprocessing = 0;
		};
		2D314CBA2159711B00B74FBA /* Frameworks */ = {
			isa = PBXFrameworksBuildPhase;
			buildActionMask = 2147483647;
			files = (
				7EE69E0172AD73B65220FC93 /* Pods_mockstagramUITests.framework in Frameworks */,
			);
			runOnlyForDeploymentPostprocessing = 0;
		};
/* End PBXFrameworksBuildPhase section */

/* Begin PBXGroup section */
		2D0077692206505B00EEDB17 /* storyboards */ = {
			isa = PBXGroup;
			children = (
				2D314CA22159711A00B74FBA /* Main.storyboard */,
			);
			path = storyboards;
			sourceTree = "<group>";
		};
		2D30C89E2195E2BF000BD1DA /* Footer */ = {
			isa = PBXGroup;
			children = (
				2DFF5D5B2190F99C001A71C4 /* MediaCardFooterIcon.swift */,
				2D30C89F2195E307000BD1DA /* LikesCountLabel.swift */,
				2D30C8A3219654F2000BD1DA /* PostDescriptionLabel.swift */,
			);
			path = Footer;
			sourceTree = "<group>";
		};
		2D314C922159711A00B74FBA = {
			isa = PBXGroup;
			children = (
				2D314C9D2159711A00B74FBA /* mockstagram */,
				2D314CB52159711B00B74FBA /* mockstagramTests */,
				2D314CC02159711B00B74FBA /* mockstagramUITests */,
				2D314C9C2159711A00B74FBA /* Products */,
				B5C334EA2DB081C455A4AACC /* Pods */,
				62AE47273B976C9C34F3F2BF /* Frameworks */,
			);
			sourceTree = "<group>";
		};
		2D314C9C2159711A00B74FBA /* Products */ = {
			isa = PBXGroup;
			children = (
				2D314C9B2159711A00B74FBA /* mockstagram.app */,
				2D314CB22159711B00B74FBA /* mockstagramTests.xctest */,
				2D314CBD2159711B00B74FBA /* mockstagramUITests.xctest */,
			);
			name = Products;
			sourceTree = "<group>";
		};
		2D314C9D2159711A00B74FBA /* mockstagram */ = {
			isa = PBXGroup;
			children = (
				2D314CAD2159711B00B74FBA /* Info.plist */,
				2D254F50218DF01500B6C42F /* GoogleService-Info.plist */,
				2D314C9E2159711A00B74FBA /* AppDelegate.swift */,
				2D314CAA2159711B00B74FBA /* LaunchScreen.storyboard */,
				2D0077692206505B00EEDB17 /* storyboards */,
				2D314CCF2159734B00B74FBA /* global */,
				2D8659412159746C003A5B67 /* app_flow */,
			);
			path = mockstagram;
			sourceTree = "<group>";
		};
		2D314CB52159711B00B74FBA /* mockstagramTests */ = {
			isa = PBXGroup;
			children = (
				2D314CB62159711B00B74FBA /* mockstagramTests.swift */,
				2D314CB82159711B00B74FBA /* Info.plist */,
			);
			path = mockstagramTests;
			sourceTree = "<group>";
		};
		2D314CC02159711B00B74FBA /* mockstagramUITests */ = {
			isa = PBXGroup;
			children = (
				2D314CC12159711B00B74FBA /* mockstagramUITests.swift */,
				2D314CC32159711B00B74FBA /* Info.plist */,
			);
			path = mockstagramUITests;
			sourceTree = "<group>";
		};
		2D314CCF2159734B00B74FBA /* global */ = {
			isa = PBXGroup;
			children = (
				2DAEAEE3218E1DB80037D971 /* objects */,
				2D865943215974BE003A5B67 /* assets */,
				2D86594B21598883003A5B67 /* extensions */,
				2D86593E21597447003A5B67 /* buttons */,
				2D86593F21597452003A5B67 /* cells */,
				2D865942215974A8003A5B67 /* data */,
				2DC1A3872173AF00004833DD /* labels */,
				2D86594021597461003A5B67 /* navigation */,
				2D86593D2159743B003A5B67 /* views */,
				2DEE2901216D29630007A239 /* variables */,
			);
			path = global;
			sourceTree = "<group>";
		};
		2D3E6644216E459400CD96FC /* header */ = {
			isa = PBXGroup;
			children = (
				2D3E6640216E3CD100CD96FC /* ProfileHeaderStatsView.xib */,
				2D3E6642216E3D3200CD96FC /* ProfileHeaderStatsView.swift */,
				2DC1A381217390CF004833DD /* ProfileHeaderView.xib */,
				2DC1A3832173911D004833DD /* ProfileHeaderView.swift */,
				2DC1A38521739FF9004833DD /* ProfileOccupationView.swift */,
			);
			path = header;
			sourceTree = "<group>";
		};
		2D4C4885217B8E7200A29019 /* biz_tools_slider */ = {
			isa = PBXGroup;
			children = (
				2D4C487F217B889600A29019 /* BizToolsSlider.swift */,
				2D4C4881217B891400A29019 /* BizToolsSlideOne.xib */,
				2D4C4883217B893400A29019 /* BizToolsSlideOne.swift */,
				2D4C4886217B8E9900A29019 /* BizToolsSlideTwo.xib */,
				2D4C4888217B8EB300A29019 /* BizToolsSlideTwo.swift */,
			);
			path = biz_tools_slider;
			sourceTree = "<group>";
		};
		2D86593D2159743B003A5B67 /* views */ = {
			isa = PBXGroup;
			children = (
				2DFF5D5A2190F96A001A71C4 /* media_card */,
				2DC1A38C21742734004833DD /* StandardStackSubView.swift */,
				2D50EA9D2176D5070012C1FE /* ContainerView.swift */,
				2DEE28F9216D02CA0007A239 /* profile */,
				2DDC94ED21782013002C6B5B /* forms */,
				2D515A26217A9D6D007DC6A6 /* StandardSliderView.xib */,
				2D515A28217A9D9A007DC6A6 /* StandardSliderView.swift */,
				2D30C89C21954662000BD1DA /* CommentsListVC.swift */,
			);
			path = views;
			sourceTree = "<group>";
		};
		2D86593E21597447003A5B67 /* buttons */ = {
			isa = PBXGroup;
			children = (
				2D2C88572170373C009F7894 /* ProfileBtn.swift */,
				2D2C885D2170DA63009F7894 /* StoryBtnView.swift */,
				2D2C88612170DA80009F7894 /* StoryBtnView.xib */,
				2D449FC62171AD7000351D9B /* ProfileContactBtn.swift */,
				2DDC94F02178DDA7002C6B5B /* StandardFormSectionBtn.swift */,
			);
			path = buttons;
			sourceTree = "<group>";
		};
		2D86593F21597452003A5B67 /* cells */ = {
			isa = PBXGroup;
			children = (
			);
			path = cells;
			sourceTree = "<group>";
		};
		2D86594021597461003A5B67 /* navigation */ = {
			isa = PBXGroup;
			children = (
				2D71C9FD216BAAE1006A8D30 /* MainNavTabBar.swift */,
				2D2C88592170D8DC009F7894 /* StoryStack.xib */,
				2D2C885B2170D97C009F7894 /* StoryStack.swift */,
				2DDC94E92177DA1F002C6B5B /* StandardFormNavController.swift */,
				2DE70067217E782F00EEE624 /* HamburgerMenuItemView.swift */,
			);
			path = navigation;
			sourceTree = "<group>";
		};
		2D8659412159746C003A5B67 /* app_flow */ = {
			isa = PBXGroup;
			children = (
				2D4569FE217D5D9000C91E40 /* MasterContainerVC.swift */,
				2D456A00217D79D700C91E40 /* MainTabBC.swift */,
				2D865944215983F6003A5B67 /* feed */,
				2DEE28FE216D07A10007A239 /* profile */,
			);
			path = app_flow;
			sourceTree = "<group>";
		};
		2D865942215974A8003A5B67 /* data */ = {
			isa = PBXGroup;
			children = (
				2D314CA52159711A00B74FBA /* mockstagram.xcdatamodeld */,
			);
			path = data;
			sourceTree = "<group>";
		};
		2D865943215974BE003A5B67 /* assets */ = {
			isa = PBXGroup;
			children = (
				2DEE28E4216CF72E0007A239 /* fonts */,
				2D314CA82159711B00B74FBA /* Assets.xcassets */,
			);
			path = assets;
			sourceTree = "<group>";
		};
		2D865944215983F6003A5B67 /* feed */ = {
			isa = PBXGroup;
			children = (
				2D86594521598431003A5B67 /* MainFeedVC.swift */,
			);
			path = feed;
			sourceTree = "<group>";
		};
		2D86594B21598883003A5B67 /* extensions */ = {
			isa = PBXGroup;
			children = (
				2D86594C21598905003A5B67 /* UIViewExtensions.swift */,
				2DEE2902216D29CD0007A239 /* UIColorExtensions.swift */,
				2DF206772170E93A008A6A6A /* UIStackViewExtensions.swift */,
				2DC1A38E2174E07F004833DD /* StringExtensions.swift */,
				2DC1A3902174E0BE004833DD /* NSAttributedStringExtensions.swift */,
				2D4C488A217B94BA00A29019 /* NSLayoutConstraintExtensions.swift */,
				2D090DCE218F761500086A7A /* DecodableExtensions.swift */,
				2D23B94121974F310091B428 /* NSMutableAttributedStringExtensions.swift */,
				2D23B94321975A060091B428 /* UILabelExtensions.swift */,
			);
			path = extensions;
			sourceTree = "<group>";
		};
		2DAEAEE3218E1DB80037D971 /* objects */ = {
			isa = PBXGroup;
			children = (
				2DAEAEE4218E1DD50037D971 /* User.swift */,
				2DAEAEE6218E1FF90037D971 /* UserSettings.swift */,
				2DAEAEE8218E213E0037D971 /* Post.swift */,
				2D30C89A21954323000BD1DA /* Comment.swift */,
			);
			path = objects;
			sourceTree = "<group>";
		};
		2DC1A3872173AF00004833DD /* labels */ = {
			isa = PBXGroup;
			children = (
				2DC1A3882173AF2E004833DD /* DynamicHeightLabel.swift */,
				2D30C8A12195E580000BD1DA /* StandardBoldLabel.swift */,
			);
			path = labels;
			sourceTree = "<group>";
		};
		2DCBB7A82184F3860025DBCD /* sub_sections */ = {
			isa = PBXGroup;
			children = (
				2DCBB7A92184F3B50025DBCD /* ProfileOptionsTVC.swift */,
			);
			path = sub_sections;
			sourceTree = "<group>";
		};
		2DDC94E32177940E002C6B5B /* details */ = {
			isa = PBXGroup;
			children = (
				2DC1A38A2174252F004833DD /* ProfileFollowersListView.swift */,
				2D12590E2177704400691077 /* ProfileContactView.xib */,
				2D1259102177707D00691077 /* ProfileContactView.swift */,
			);
			path = details;
			sourceTree = "<group>";
		};
		2DDC94E421779439002C6B5B /* feed */ = {
			isa = PBXGroup;
			children = (
			);
			path = feed;
			sourceTree = "<group>";
		};
		2DDC94ED21782013002C6B5B /* forms */ = {
			isa = PBXGroup;
			children = (
				2DDC94EB2178200C002C6B5B /* StandardFormFieldView.xib */,
				2DDC94EE21782065002C6B5B /* StandardFormFieldView.swift */,
			);
			path = forms;
			sourceTree = "<group>";
		};
		2DEE28E4216CF72E0007A239 /* fonts */ = {
			isa = PBXGroup;
			children = (
				2DEE28E6216CF8E80007A239 /* Lato-Black.ttf */,
				2DEE28E7216CF8E80007A239 /* Lato-BlackItalic.ttf */,
				2DEE28E8216CF8E80007A239 /* Lato-Bold.ttf */,
				2DEE28EC216CF8E90007A239 /* Lato-BoldItalic.ttf */,
				2DEE28EA216CF8E90007A239 /* Lato-Hairline.ttf */,
				2DEE28ED216CF8E90007A239 /* Lato-HairlineItalic.ttf */,
				2DEE28E9216CF8E80007A239 /* Lato-Italic.ttf */,
				2DEE28E5216CF8E80007A239 /* Lato-Light.ttf */,
				2DEE28EE216CF8E90007A239 /* Lato-LightItalic.ttf */,
				2DEE28EB216CF8E90007A239 /* Lato-Regular.ttf */,
			);
			path = fonts;
			sourceTree = "<group>";
		};
		2DEE28F9216D02CA0007A239 /* profile */ = {
			isa = PBXGroup;
			children = (
				2DDC94E421779439002C6B5B /* feed */,
				2D3E6644216E459400CD96FC /* header */,
				2DDC94E32177940E002C6B5B /* details */,
			);
			path = profile;
			sourceTree = "<group>";
		};
		2DEE28FE216D07A10007A239 /* profile */ = {
			isa = PBXGroup;
			children = (
				2DEE28FC216D079B0007A239 /* ProfileVC.swift */,
				2DDC94E52177C99F002C6B5B /* ProfileEditView.xib */,
				2DDC94E72177C9B1002C6B5B /* ProfileEditView.swift */,
				2DE70069217E8A0700EEE624 /* ProfileMenuVC.swift */,
				2D4C4885217B8E7200A29019 /* biz_tools_slider */,
				2DCBB7A82184F3860025DBCD /* sub_sections */,
			);
			path = profile;
			sourceTree = "<group>";
		};
		2DEE2901216D29630007A239 /* variables */ = {
			isa = PBXGroup;
			children = (
				2DEE28FF216D295C0007A239 /* ThemeGlobals.swift */,
				2D18DBF42184EC06003CED4D /* SegueGlobals.swift */,
				2DE972A5218FBB820002ED45 /* DataGlobals.swift */,
			);
			path = variables;
			sourceTree = "<group>";
		};
		2DFF5D5A2190F96A001A71C4 /* media_card */ = {
			isa = PBXGroup;
			children = (
				2D86594E2159EFC4003A5B67 /* MediaCard.xib */,
				2D8659502159F04F003A5B67 /* MediaCard.swift */,
				2D30C89E2195E2BF000BD1DA /* Footer */,
			);
			path = media_card;
			sourceTree = "<group>";
		};
		62AE47273B976C9C34F3F2BF /* Frameworks */ = {
			isa = PBXGroup;
			children = (
				EAA7F654F151A8CDFF3650C2 /* Pods_mockstagram.framework */,
				9AB3C7D952E9184FCDACCBF4 /* Pods_mockstagramTests.framework */,
				41583CCF2853BB96D1EEAD2B /* Pods_mockstagramUITests.framework */,
			);
			name = Frameworks;
			sourceTree = "<group>";
		};
		B5C334EA2DB081C455A4AACC /* Pods */ = {
			isa = PBXGroup;
			children = (
				D68F624F1C6A9A6BC6D58C0D /* Pods-mockstagram.debug.xcconfig */,
				B79D5DCC6D426DFDD8336013 /* Pods-mockstagram.release.xcconfig */,
				487BB71DC302775A0AD855C8 /* Pods-mockstagramTests.debug.xcconfig */,
				643375E5605FA9B70F39C0E6 /* Pods-mockstagramTests.release.xcconfig */,
				8DF24B631CDECB9AF03C04EB /* Pods-mockstagramUITests.debug.xcconfig */,
				7749F9E07AA3553B2FE9C5FF /* Pods-mockstagramUITests.release.xcconfig */,
			);
			name = Pods;
			sourceTree = "<group>";
		};
/* End PBXGroup section */

/* Begin PBXNativeTarget section */
		2D314C9A2159711A00B74FBA /* mockstagram */ = {
			isa = PBXNativeTarget;
			buildConfigurationList = 2D314CC62159711B00B74FBA /* Build configuration list for PBXNativeTarget "mockstagram" */;
			buildPhases = (
				75276ECC062D611FE96B8A7A /* [CP] Check Pods Manifest.lock */,
				2D314C972159711A00B74FBA /* Sources */,
				2D314C982159711A00B74FBA /* Frameworks */,
				2D314C992159711A00B74FBA /* Resources */,
				3579C70038654507DD7057C4 /* [CP] Embed Pods Frameworks */,
			);
			buildRules = (
			);
			dependencies = (
			);
			name = mockstagram;
			productName = mockstagram;
			productReference = 2D314C9B2159711A00B74FBA /* mockstagram.app */;
			productType = "com.apple.product-type.application";
		};
		2D314CB12159711B00B74FBA /* mockstagramTests */ = {
			isa = PBXNativeTarget;
			buildConfigurationList = 2D314CC92159711B00B74FBA /* Build configuration list for PBXNativeTarget "mockstagramTests" */;
			buildPhases = (
				787E62FE54EEFA6FE950A13C /* [CP] Check Pods Manifest.lock */,
				2D314CAE2159711B00B74FBA /* Sources */,
				2D314CAF2159711B00B74FBA /* Frameworks */,
				2D314CB02159711B00B74FBA /* Resources */,
			);
			buildRules = (
			);
			dependencies = (
				2D314CB42159711B00B74FBA /* PBXTargetDependency */,
			);
			name = mockstagramTests;
			productName = mockstagramTests;
			productReference = 2D314CB22159711B00B74FBA /* mockstagramTests.xctest */;
			productType = "com.apple.product-type.bundle.unit-test";
		};
		2D314CBC2159711B00B74FBA /* mockstagramUITests */ = {
			isa = PBXNativeTarget;
			buildConfigurationList = 2D314CCC2159711B00B74FBA /* Build configuration list for PBXNativeTarget "mockstagramUITests" */;
			buildPhases = (
				A73079BC3783503B80289081 /* [CP] Check Pods Manifest.lock */,
				2D314CB92159711B00B74FBA /* Sources */,
				2D314CBA2159711B00B74FBA /* Frameworks */,
				2D314CBB2159711B00B74FBA /* Resources */,
			);
			buildRules = (
			);
			dependencies = (
				2D314CBF2159711B00B74FBA /* PBXTargetDependency */,
			);
			name = mockstagramUITests;
			productName = mockstagramUITests;
			productReference = 2D314CBD2159711B00B74FBA /* mockstagramUITests.xctest */;
			productType = "com.apple.product-type.bundle.ui-testing";
		};
/* End PBXNativeTarget section */

/* Begin PBXProject section */
		2D314C932159711A00B74FBA /* Project object */ = {
			isa = PBXProject;
			attributes = {
				LastSwiftUpdateCheck = 1000;
				LastUpgradeCheck = 1000;
				ORGANIZATIONNAME = megaBreezy;
				TargetAttributes = {
					2D314C9A2159711A00B74FBA = {
						CreatedOnToolsVersion = 10.0;
					};
					2D314CB12159711B00B74FBA = {
						CreatedOnToolsVersion = 10.0;
						TestTargetID = 2D314C9A2159711A00B74FBA;
					};
					2D314CBC2159711B00B74FBA = {
						CreatedOnToolsVersion = 10.0;
						TestTargetID = 2D314C9A2159711A00B74FBA;
					};
				};
			};
			buildConfigurationList = 2D314C962159711A00B74FBA /* Build configuration list for PBXProject "mockstagram" */;
			compatibilityVersion = "Xcode 9.3";
			developmentRegion = en;
			hasScannedForEncodings = 0;
			knownRegions = (
				en,
				Base,
			);
			mainGroup = 2D314C922159711A00B74FBA;
			productRefGroup = 2D314C9C2159711A00B74FBA /* Products */;
			projectDirPath = "";
			projectRoot = "";
			targets = (
				2D314C9A2159711A00B74FBA /* mockstagram */,
				2D314CB12159711B00B74FBA /* mockstagramTests */,
				2D314CBC2159711B00B74FBA /* mockstagramUITests */,
			);
		};
/* End PBXProject section */

/* Begin PBXResourcesBuildPhase section */
		2D314C992159711A00B74FBA /* Resources */ = {
			isa = PBXResourcesBuildPhase;
			buildActionMask = 2147483647;
			files = (
				2DEE28F3216CF8E90007A239 /* Lato-Italic.ttf in Resources */,
				2DEE28F8216CF8E90007A239 /* Lato-LightItalic.ttf in Resources */,
				2D254F51218DF01500B6C42F /* GoogleService-Info.plist in Resources */,
				2DDC94E62177C99F002C6B5B /* ProfileEditView.xib in Resources */,
				2DEE28F1216CF8E90007A239 /* Lato-BlackItalic.ttf in Resources */,
				2DEE28F4216CF8E90007A239 /* Lato-Hairline.ttf in Resources */,
				2D4C4882217B891400A29019 /* BizToolsSlideOne.xib in Resources */,
				2DEE28F0216CF8E90007A239 /* Lato-Black.ttf in Resources */,
				2DEE28F7216CF8E90007A239 /* Lato-HairlineItalic.ttf in Resources */,
				2D12590F2177704400691077 /* ProfileContactView.xib in Resources */,
				2D515A27217A9D6D007DC6A6 /* StandardSliderView.xib in Resources */,
				2D86594F2159EFC4003A5B67 /* MediaCard.xib in Resources */,
				2D314CAC2159711B00B74FBA /* LaunchScreen.storyboard in Resources */,
				2DEE28F5216CF8E90007A239 /* Lato-Regular.ttf in Resources */,
				2D2C885A2170D8DC009F7894 /* StoryStack.xib in Resources */,
				2DEE28EF216CF8E90007A239 /* Lato-Light.ttf in Resources */,
				2D314CA92159711B00B74FBA /* Assets.xcassets in Resources */,
				2DEE28F2216CF8E90007A239 /* Lato-Bold.ttf in Resources */,
				2D314CA42159711A00B74FBA /* Main.storyboard in Resources */,
				2DEE28F6216CF8E90007A239 /* Lato-BoldItalic.ttf in Resources */,
				2D3E6641216E3CD100CD96FC /* ProfileHeaderStatsView.xib in Resources */,
				2D2C88622170DA80009F7894 /* StoryBtnView.xib in Resources */,
				2DC1A382217390CF004833DD /* ProfileHeaderView.xib in Resources */,
				2D4C4887217B8E9900A29019 /* BizToolsSlideTwo.xib in Resources */,
				2DDC94EC2178200C002C6B5B /* StandardFormFieldView.xib in Resources */,
			);
			runOnlyForDeploymentPostprocessing = 0;
		};
		2D314CB02159711B00B74FBA /* Resources */ = {
			isa = PBXResourcesBuildPhase;
			buildActionMask = 2147483647;
			files = (
			);
			runOnlyForDeploymentPostprocessing = 0;
		};
		2D314CBB2159711B00B74FBA /* Resources */ = {
			isa = PBXResourcesBuildPhase;
			buildActionMask = 2147483647;
			files = (
			);
			runOnlyForDeploymentPostprocessing = 0;
		};
/* End PBXResourcesBuildPhase section */

/* Begin PBXShellScriptBuildPhase section */
		3579C70038654507DD7057C4 /* [CP] Embed Pods Frameworks */ = {
			isa = PBXShellScriptBuildPhase;
			buildActionMask = 2147483647;
			files = (
			);
			inputFileListPaths = (
			);
			inputPaths = (
				"${SRCROOT}/Pods/Target Support Files/Pods-mockstagram/Pods-mockstagram-frameworks.sh",
				"${BUILT_PRODUCTS_DIR}/BoringSSL-GRPC/openssl_grpc.framework",
				"${BUILT_PRODUCTS_DIR}/GTMSessionFetcher/GTMSessionFetcher.framework",
				"${BUILT_PRODUCTS_DIR}/GoogleUtilities/GoogleUtilities.framework",
				"${BUILT_PRODUCTS_DIR}/Kingfisher/Kingfisher.framework",
				"${BUILT_PRODUCTS_DIR}/Protobuf/Protobuf.framework",
				"${BUILT_PRODUCTS_DIR}/gRPC-C++/grpcpp.framework",
				"${BUILT_PRODUCTS_DIR}/gRPC-Core/grpc.framework",
				"${BUILT_PRODUCTS_DIR}/leveldb-library/leveldb.framework",
				"${BUILT_PRODUCTS_DIR}/nanopb/nanopb.framework",
			);
			name = "[CP] Embed Pods Frameworks";
			outputFileListPaths = (
			);
			outputPaths = (
				"${TARGET_BUILD_DIR}/${FRAMEWORKS_FOLDER_PATH}/openssl_grpc.framework",
				"${TARGET_BUILD_DIR}/${FRAMEWORKS_FOLDER_PATH}/GTMSessionFetcher.framework",
				"${TARGET_BUILD_DIR}/${FRAMEWORKS_FOLDER_PATH}/GoogleUtilities.framework",
				"${TARGET_BUILD_DIR}/${FRAMEWORKS_FOLDER_PATH}/Kingfisher.framework",
				"${TARGET_BUILD_DIR}/${FRAMEWORKS_FOLDER_PATH}/Protobuf.framework",
				"${TARGET_BUILD_DIR}/${FRAMEWORKS_FOLDER_PATH}/grpcpp.framework",
				"${TARGET_BUILD_DIR}/${FRAMEWORKS_FOLDER_PATH}/grpc.framework",
				"${TARGET_BUILD_DIR}/${FRAMEWORKS_FOLDER_PATH}/leveldb.framework",
				"${TARGET_BUILD_DIR}/${FRAMEWORKS_FOLDER_PATH}/nanopb.framework",
			);
			runOnlyForDeploymentPostprocessing = 0;
			shellPath = /bin/sh;
			shellScript = "\"${SRCROOT}/Pods/Target Support Files/Pods-mockstagram/Pods-mockstagram-frameworks.sh\"\n";
			showEnvVarsInLog = 0;
		};
		75276ECC062D611FE96B8A7A /* [CP] Check Pods Manifest.lock */ = {
			isa = PBXShellScriptBuildPhase;
			buildActionMask = 2147483647;
			files = (
			);
			inputFileListPaths = (
			);
			inputPaths = (
				"${PODS_PODFILE_DIR_PATH}/Podfile.lock",
				"${PODS_ROOT}/Manifest.lock",
			);
			name = "[CP] Check Pods Manifest.lock";
			outputFileListPaths = (
			);
			outputPaths = (
				"$(DERIVED_FILE_DIR)/Pods-mockstagram-checkManifestLockResult.txt",
			);
			runOnlyForDeploymentPostprocessing = 0;
			shellPath = /bin/sh;
			shellScript = "diff \"${PODS_PODFILE_DIR_PATH}/Podfile.lock\" \"${PODS_ROOT}/Manifest.lock\" > /dev/null\nif [ $? != 0 ] ; then\n    # print error to STDERR\n    echo \"error: The sandbox is not in sync with the Podfile.lock. Run 'pod install' or update your CocoaPods installation.\" >&2\n    exit 1\nfi\n# This output is used by Xcode 'outputs' to avoid re-running this script phase.\necho \"SUCCESS\" > \"${SCRIPT_OUTPUT_FILE_0}\"\n";
			showEnvVarsInLog = 0;
		};
		787E62FE54EEFA6FE950A13C /* [CP] Check Pods Manifest.lock */ = {
			isa = PBXShellScriptBuildPhase;
			buildActionMask = 2147483647;
			files = (
			);
			inputFileListPaths = (
			);
			inputPaths = (
				"${PODS_PODFILE_DIR_PATH}/Podfile.lock",
				"${PODS_ROOT}/Manifest.lock",
			);
			name = "[CP] Check Pods Manifest.lock";
			outputFileListPaths = (
			);
			outputPaths = (
				"$(DERIVED_FILE_DIR)/Pods-mockstagramTests-checkManifestLockResult.txt",
			);
			runOnlyForDeploymentPostprocessing = 0;
			shellPath = /bin/sh;
			shellScript = "diff \"${PODS_PODFILE_DIR_PATH}/Podfile.lock\" \"${PODS_ROOT}/Manifest.lock\" > /dev/null\nif [ $? != 0 ] ; then\n    # print error to STDERR\n    echo \"error: The sandbox is not in sync with the Podfile.lock. Run 'pod install' or update your CocoaPods installation.\" >&2\n    exit 1\nfi\n# This output is used by Xcode 'outputs' to avoid re-running this script phase.\necho \"SUCCESS\" > \"${SCRIPT_OUTPUT_FILE_0}\"\n";
			showEnvVarsInLog = 0;
		};
		A73079BC3783503B80289081 /* [CP] Check Pods Manifest.lock */ = {
			isa = PBXShellScriptBuildPhase;
			buildActionMask = 2147483647;
			files = (
			);
			inputFileListPaths = (
			);
			inputPaths = (
				"${PODS_PODFILE_DIR_PATH}/Podfile.lock",
				"${PODS_ROOT}/Manifest.lock",
			);
			name = "[CP] Check Pods Manifest.lock";
			outputFileListPaths = (
			);
			outputPaths = (
				"$(DERIVED_FILE_DIR)/Pods-mockstagramUITests-checkManifestLockResult.txt",
			);
			runOnlyForDeploymentPostprocessing = 0;
			shellPath = /bin/sh;
			shellScript = "diff \"${PODS_PODFILE_DIR_PATH}/Podfile.lock\" \"${PODS_ROOT}/Manifest.lock\" > /dev/null\nif [ $? != 0 ] ; then\n    # print error to STDERR\n    echo \"error: The sandbox is not in sync with the Podfile.lock. Run 'pod install' or update your CocoaPods installation.\" >&2\n    exit 1\nfi\n# This output is used by Xcode 'outputs' to avoid re-running this script phase.\necho \"SUCCESS\" > \"${SCRIPT_OUTPUT_FILE_0}\"\n";
			showEnvVarsInLog = 0;
		};
/* End PBXShellScriptBuildPhase section */

/* Begin PBXSourcesBuildPhase section */
		2D314C972159711A00B74FBA /* Sources */ = {
			isa = PBXSourcesBuildPhase;
			buildActionMask = 2147483647;
			files = (
				2D515A29217A9D9A007DC6A6 /* StandardSliderView.swift in Sources */,
				2D30C89B21954323000BD1DA /* Comment.swift in Sources */,
				2D86594D21598905003A5B67 /* UIViewExtensions.swift in Sources */,
				2D18DBF52184EC06003CED4D /* SegueGlobals.swift in Sources */,
				2D4C4884217B893400A29019 /* BizToolsSlideOne.swift in Sources */,
				2D449FC72171AD7000351D9B /* ProfileContactBtn.swift in Sources */,
				2D314C9F2159711A00B74FBA /* AppDelegate.swift in Sources */,
				2DC1A38D21742734004833DD /* StandardStackSubView.swift in Sources */,
				2D314CA72159711A00B74FBA /* mockstagram.xcdatamodeld in Sources */,
				2D3E6643216E3D3200CD96FC /* ProfileHeaderStatsView.swift in Sources */,
				2DC1A38F2174E07F004833DD /* StringExtensions.swift in Sources */,
				2D2C88582170373C009F7894 /* ProfileBtn.swift in Sources */,
				2DDC94EF21782065002C6B5B /* StandardFormFieldView.swift in Sources */,
				2DF206782170E93A008A6A6A /* UIStackViewExtensions.swift in Sources */,
				2DFF5D5C2190F99C001A71C4 /* MediaCardFooterIcon.swift in Sources */,
				2D30C8A22195E580000BD1DA /* StandardBoldLabel.swift in Sources */,
				2D23B94421975A060091B428 /* UILabelExtensions.swift in Sources */,
				2DAEAEE7218E1FF90037D971 /* UserSettings.swift in Sources */,
				2DE972A6218FBB820002ED45 /* DataGlobals.swift in Sources */,
				2D30C8A02195E307000BD1DA /* LikesCountLabel.swift in Sources */,
				2DEE28FD216D079B0007A239 /* ProfileVC.swift in Sources */,
				2D2C885C2170D97C009F7894 /* StoryStack.swift in Sources */,
				2D30C8A4219654F2000BD1DA /* PostDescriptionLabel.swift in Sources */,
				2D456A01217D79D700C91E40 /* MainTabBC.swift in Sources */,
				2DE7006A217E8A0700EEE624 /* ProfileMenuVC.swift in Sources */,
				2DC1A3892173AF2E004833DD /* DynamicHeightLabel.swift in Sources */,
				2D4C488B217B94BA00A29019 /* NSLayoutConstraintExtensions.swift in Sources */,
				2D2C885E2170DA63009F7894 /* StoryBtnView.swift in Sources */,
				2DEE2900216D295C0007A239 /* ThemeGlobals.swift in Sources */,
				2D8659512159F04F003A5B67 /* MediaCard.swift in Sources */,
				2D4C4889217B8EB300A29019 /* BizToolsSlideTwo.swift in Sources */,
				2DC1A38621739FF9004833DD /* ProfileOccupationView.swift in Sources */,
				2DE70068217E782F00EEE624 /* HamburgerMenuItemView.swift in Sources */,
				2D4C4880217B889600A29019 /* BizToolsSlider.swift in Sources */,
				2D4569FF217D5D9000C91E40 /* MasterContainerVC.swift in Sources */,
				2DCBB7AA2184F3B50025DBCD /* ProfileOptionsTVC.swift in Sources */,
				2D090DCF218F761500086A7A /* DecodableExtensions.swift in Sources */,
				2DAEAEE5218E1DD50037D971 /* User.swift in Sources */,
				2DDC94F12178DDA7002C6B5B /* StandardFormSectionBtn.swift in Sources */,
				2DC1A38B2174252F004833DD /* ProfileFollowersListView.swift in Sources */,
				2DC1A3842173911D004833DD /* ProfileHeaderView.swift in Sources */,
				2D23B94221974F310091B428 /* NSMutableAttributedStringExtensions.swift in Sources */,
				2DAEAEE9218E213E0037D971 /* Post.swift in Sources */,
				2DEE2903216D29CD0007A239 /* UIColorExtensions.swift in Sources */,
				2D1259112177707D00691077 /* ProfileContactView.swift in Sources */,
				2DDC94EA2177DA1F002C6B5B /* StandardFormNavController.swift in Sources */,
				2D50EA9E2176D5070012C1FE /* ContainerView.swift in Sources */,
				2D71C9FE216BAAE1006A8D30 /* MainNavTabBar.swift in Sources */,
				2DDC94E82177C9B1002C6B5B /* ProfileEditView.swift in Sources */,
				2D86594621598431003A5B67 /* MainFeedVC.swift in Sources */,
				2DC1A3912174E0BE004833DD /* NSAttributedStringExtensions.swift in Sources */,
				2D30C89D21954662000BD1DA /* CommentsListVC.swift in Sources */,
			);
			runOnlyForDeploymentPostprocessing = 0;
		};
		2D314CAE2159711B00B74FBA /* Sources */ = {
			isa = PBXSourcesBuildPhase;
			buildActionMask = 2147483647;
			files = (
				2D314CB72159711B00B74FBA /* mockstagramTests.swift in Sources */,
			);
			runOnlyForDeploymentPostprocessing = 0;
		};
		2D314CB92159711B00B74FBA /* Sources */ = {
			isa = PBXSourcesBuildPhase;
			buildActionMask = 2147483647;
			files = (
				2D314CC22159711B00B74FBA /* mockstagramUITests.swift in Sources */,
			);
			runOnlyForDeploymentPostprocessing = 0;
		};
/* End PBXSourcesBuildPhase section */

/* Begin PBXTargetDependency section */
		2D314CB42159711B00B74FBA /* PBXTargetDependency */ = {
			isa = PBXTargetDependency;
			target = 2D314C9A2159711A00B74FBA /* mockstagram */;
			targetProxy = 2D314CB32159711B00B74FBA /* PBXContainerItemProxy */;
		};
		2D314CBF2159711B00B74FBA /* PBXTargetDependency */ = {
			isa = PBXTargetDependency;
			target = 2D314C9A2159711A00B74FBA /* mockstagram */;
			targetProxy = 2D314CBE2159711B00B74FBA /* PBXContainerItemProxy */;
		};
/* End PBXTargetDependency section */

/* Begin PBXVariantGroup section */
		2D314CA22159711A00B74FBA /* Main.storyboard */ = {
			isa = PBXVariantGroup;
			children = (
				2D314CA32159711A00B74FBA /* Base */,
			);
			name = Main.storyboard;
			sourceTree = "<group>";
		};
		2D314CAA2159711B00B74FBA /* LaunchScreen.storyboard */ = {
			isa = PBXVariantGroup;
			children = (
				2D314CAB2159711B00B74FBA /* Base */,
			);
			name = LaunchScreen.storyboard;
			sourceTree = "<group>";
		};
/* End PBXVariantGroup section */

/* Begin XCBuildConfiguration section */
		2D314CC42159711B00B74FBA /* Debug */ = {
			isa = XCBuildConfiguration;
			buildSettings = {
				ALWAYS_SEARCH_USER_PATHS = NO;
				CLANG_ANALYZER_NONNULL = YES;
				CLANG_ANALYZER_NUMBER_OBJECT_CONVERSION = YES_AGGRESSIVE;
				CLANG_CXX_LANGUAGE_STANDARD = "gnu++14";
				CLANG_CXX_LIBRARY = "libc++";
				CLANG_ENABLE_MODULES = YES;
				CLANG_ENABLE_OBJC_ARC = YES;
				CLANG_ENABLE_OBJC_WEAK = YES;
				CLANG_WARN_BLOCK_CAPTURE_AUTORELEASING = YES;
				CLANG_WARN_BOOL_CONVERSION = YES;
				CLANG_WARN_COMMA = YES;
				CLANG_WARN_CONSTANT_CONVERSION = YES;
				CLANG_WARN_DEPRECATED_OBJC_IMPLEMENTATIONS = YES;
				CLANG_WARN_DIRECT_OBJC_ISA_USAGE = YES_ERROR;
				CLANG_WARN_DOCUMENTATION_COMMENTS = YES;
				CLANG_WARN_EMPTY_BODY = YES;
				CLANG_WARN_ENUM_CONVERSION = YES;
				CLANG_WARN_INFINITE_RECURSION = YES;
				CLANG_WARN_INT_CONVERSION = YES;
				CLANG_WARN_NON_LITERAL_NULL_CONVERSION = YES;
				CLANG_WARN_OBJC_IMPLICIT_RETAIN_SELF = YES;
				CLANG_WARN_OBJC_LITERAL_CONVERSION = YES;
				CLANG_WARN_OBJC_ROOT_CLASS = YES_ERROR;
				CLANG_WARN_RANGE_LOOP_ANALYSIS = YES;
				CLANG_WARN_STRICT_PROTOTYPES = YES;
				CLANG_WARN_SUSPICIOUS_MOVE = YES;
				CLANG_WARN_UNGUARDED_AVAILABILITY = YES_AGGRESSIVE;
				CLANG_WARN_UNREACHABLE_CODE = YES;
				CLANG_WARN__DUPLICATE_METHOD_MATCH = YES;
				CODE_SIGN_IDENTITY = "iPhone Developer";
				COPY_PHASE_STRIP = NO;
				DEBUG_INFORMATION_FORMAT = dwarf;
				ENABLE_STRICT_OBJC_MSGSEND = YES;
				ENABLE_TESTABILITY = YES;
				GCC_C_LANGUAGE_STANDARD = gnu11;
				GCC_DYNAMIC_NO_PIC = NO;
				GCC_NO_COMMON_BLOCKS = YES;
				GCC_OPTIMIZATION_LEVEL = 0;
				GCC_PREPROCESSOR_DEFINITIONS = (
					"DEBUG=1",
					"$(inherited)",
				);
				GCC_WARN_64_TO_32_BIT_CONVERSION = YES;
				GCC_WARN_ABOUT_RETURN_TYPE = YES_ERROR;
				GCC_WARN_UNDECLARED_SELECTOR = YES;
				GCC_WARN_UNINITIALIZED_AUTOS = YES_AGGRESSIVE;
				GCC_WARN_UNUSED_FUNCTION = YES;
				GCC_WARN_UNUSED_VARIABLE = YES;
				IPHONEOS_DEPLOYMENT_TARGET = 12.0;
				MTL_ENABLE_DEBUG_INFO = INCLUDE_SOURCE;
				MTL_FAST_MATH = YES;
				ONLY_ACTIVE_ARCH = YES;
				SDKROOT = iphoneos;
				SWIFT_ACTIVE_COMPILATION_CONDITIONS = DEBUG;
				SWIFT_OPTIMIZATION_LEVEL = "-Onone";
			};
			name = Debug;
		};
		2D314CC52159711B00B74FBA /* Release */ = {
			isa = XCBuildConfiguration;
			buildSettings = {
				ALWAYS_SEARCH_USER_PATHS = NO;
				CLANG_ANALYZER_NONNULL = YES;
				CLANG_ANALYZER_NUMBER_OBJECT_CONVERSION = YES_AGGRESSIVE;
				CLANG_CXX_LANGUAGE_STANDARD = "gnu++14";
				CLANG_CXX_LIBRARY = "libc++";
				CLANG_ENABLE_MODULES = YES;
				CLANG_ENABLE_OBJC_ARC = YES;
				CLANG_ENABLE_OBJC_WEAK = YES;
				CLANG_WARN_BLOCK_CAPTURE_AUTORELEASING = YES;
				CLANG_WARN_BOOL_CONVERSION = YES;
				CLANG_WARN_COMMA = YES;
				CLANG_WARN_CONSTANT_CONVERSION = YES;
				CLANG_WARN_DEPRECATED_OBJC_IMPLEMENTATIONS = YES;
				CLANG_WARN_DIRECT_OBJC_ISA_USAGE = YES_ERROR;
				CLANG_WARN_DOCUMENTATION_COMMENTS = YES;
				CLANG_WARN_EMPTY_BODY = YES;
				CLANG_WARN_ENUM_CONVERSION = YES;
				CLANG_WARN_INFINITE_RECURSION = YES;
				CLANG_WARN_INT_CONVERSION = YES;
				CLANG_WARN_NON_LITERAL_NULL_CONVERSION = YES;
				CLANG_WARN_OBJC_IMPLICIT_RETAIN_SELF = YES;
				CLANG_WARN_OBJC_LITERAL_CONVERSION = YES;
				CLANG_WARN_OBJC_ROOT_CLASS = YES_ERROR;
				CLANG_WARN_RANGE_LOOP_ANALYSIS = YES;
				CLANG_WARN_STRICT_PROTOTYPES = YES;
				CLANG_WARN_SUSPICIOUS_MOVE = YES;
				CLANG_WARN_UNGUARDED_AVAILABILITY = YES_AGGRESSIVE;
				CLANG_WARN_UNREACHABLE_CODE = YES;
				CLANG_WARN__DUPLICATE_METHOD_MATCH = YES;
				CODE_SIGN_IDENTITY = "iPhone Developer";
				COPY_PHASE_STRIP = NO;
				DEBUG_INFORMATION_FORMAT = "dwarf-with-dsym";
				ENABLE_NS_ASSERTIONS = NO;
				ENABLE_STRICT_OBJC_MSGSEND = YES;
				GCC_C_LANGUAGE_STANDARD = gnu11;
				GCC_NO_COMMON_BLOCKS = YES;
				GCC_WARN_64_TO_32_BIT_CONVERSION = YES;
				GCC_WARN_ABOUT_RETURN_TYPE = YES_ERROR;
				GCC_WARN_UNDECLARED_SELECTOR = YES;
				GCC_WARN_UNINITIALIZED_AUTOS = YES_AGGRESSIVE;
				GCC_WARN_UNUSED_FUNCTION = YES;
				GCC_WARN_UNUSED_VARIABLE = YES;
				IPHONEOS_DEPLOYMENT_TARGET = 12.0;
				MTL_ENABLE_DEBUG_INFO = NO;
				MTL_FAST_MATH = YES;
				SDKROOT = iphoneos;
				SWIFT_COMPILATION_MODE = wholemodule;
				SWIFT_OPTIMIZATION_LEVEL = "-O";
				VALIDATE_PRODUCT = YES;
			};
			name = Release;
		};
		2D314CC72159711B00B74FBA /* Debug */ = {
			isa = XCBuildConfiguration;
			baseConfigurationReference = D68F624F1C6A9A6BC6D58C0D /* Pods-mockstagram.debug.xcconfig */;
			buildSettings = {
				ASSETCATALOG_COMPILER_APPICON_NAME = AppIcon;
				CODE_SIGN_STYLE = Automatic;
				DEVELOPMENT_TEAM = A46J4WF27R;
				INFOPLIST_FILE = mockstagram/Info.plist;
				LD_RUNPATH_SEARCH_PATHS = (
					"$(inherited)",
					"@executable_path/Frameworks",
				);
				PRODUCT_BUNDLE_IDENTIFIER = com.megabreezy.mockstagram;
				PRODUCT_NAME = "$(TARGET_NAME)";
				SWIFT_VERSION = 4.2;
				TARGETED_DEVICE_FAMILY = "1,2";
			};
			name = Debug;
		};
		2D314CC82159711B00B74FBA /* Release */ = {
			isa = XCBuildConfiguration;
			baseConfigurationReference = B79D5DCC6D426DFDD8336013 /* Pods-mockstagram.release.xcconfig */;
			buildSettings = {
				ASSETCATALOG_COMPILER_APPICON_NAME = AppIcon;
				CODE_SIGN_STYLE = Automatic;
				DEVELOPMENT_TEAM = A46J4WF27R;
				INFOPLIST_FILE = mockstagram/Info.plist;
				LD_RUNPATH_SEARCH_PATHS = (
					"$(inherited)",
					"@executable_path/Frameworks",
				);
				PRODUCT_BUNDLE_IDENTIFIER = com.megabreezy.mockstagram;
				PRODUCT_NAME = "$(TARGET_NAME)";
				SWIFT_VERSION = 4.2;
				TARGETED_DEVICE_FAMILY = "1,2";
			};
			name = Release;
		};
		2D314CCA2159711B00B74FBA /* Debug */ = {
			isa = XCBuildConfiguration;
			baseConfigurationReference = 487BB71DC302775A0AD855C8 /* Pods-mockstagramTests.debug.xcconfig */;
			buildSettings = {
				ALWAYS_EMBED_SWIFT_STANDARD_LIBRARIES = YES;
				BUNDLE_LOADER = "$(TEST_HOST)";
				CODE_SIGN_STYLE = Automatic;
				DEVELOPMENT_TEAM = KWRG283N5S;
				INFOPLIST_FILE = mockstagramTests/Info.plist;
				LD_RUNPATH_SEARCH_PATHS = (
					"$(inherited)",
					"@executable_path/Frameworks",
					"@loader_path/Frameworks",
				);
				PRODUCT_BUNDLE_IDENTIFIER = com.megabreezy.mockstagramTests;
				PRODUCT_NAME = "$(TARGET_NAME)";
				SWIFT_VERSION = 4.2;
				TARGETED_DEVICE_FAMILY = "1,2";
				TEST_HOST = "$(BUILT_PRODUCTS_DIR)/mockstagram.app/mockstagram";
			};
			name = Debug;
		};
		2D314CCB2159711B00B74FBA /* Release */ = {
			isa = XCBuildConfiguration;
			baseConfigurationReference = 643375E5605FA9B70F39C0E6 /* Pods-mockstagramTests.release.xcconfig */;
			buildSettings = {
				ALWAYS_EMBED_SWIFT_STANDARD_LIBRARIES = YES;
				BUNDLE_LOADER = "$(TEST_HOST)";
				CODE_SIGN_STYLE = Automatic;
				DEVELOPMENT_TEAM = KWRG283N5S;
				INFOPLIST_FILE = mockstagramTests/Info.plist;
				LD_RUNPATH_SEARCH_PATHS = (
					"$(inherited)",
					"@executable_path/Frameworks",
					"@loader_path/Frameworks",
				);
				PRODUCT_BUNDLE_IDENTIFIER = com.megabreezy.mockstagramTests;
				PRODUCT_NAME = "$(TARGET_NAME)";
				SWIFT_VERSION = 4.2;
				TARGETED_DEVICE_FAMILY = "1,2";
				TEST_HOST = "$(BUILT_PRODUCTS_DIR)/mockstagram.app/mockstagram";
			};
			name = Release;
		};
		2D314CCD2159711B00B74FBA /* Debug */ = {
			isa = XCBuildConfiguration;
			baseConfigurationReference = 8DF24B631CDECB9AF03C04EB /* Pods-mockstagramUITests.debug.xcconfig */;
			buildSettings = {
				ALWAYS_EMBED_SWIFT_STANDARD_LIBRARIES = YES;
				CODE_SIGN_STYLE = Automatic;
				DEVELOPMENT_TEAM = KWRG283N5S;
				INFOPLIST_FILE = mockstagramUITests/Info.plist;
				LD_RUNPATH_SEARCH_PATHS = (
					"$(inherited)",
					"@executable_path/Frameworks",
					"@loader_path/Frameworks",
				);
				PRODUCT_BUNDLE_IDENTIFIER = com.megabreezy.mockstagramUITests;
				PRODUCT_NAME = "$(TARGET_NAME)";
				SWIFT_VERSION = 4.2;
				TARGETED_DEVICE_FAMILY = "1,2";
				TEST_TARGET_NAME = mockstagram;
			};
			name = Debug;
		};
		2D314CCE2159711B00B74FBA /* Release */ = {
			isa = XCBuildConfiguration;
			baseConfigurationReference = 7749F9E07AA3553B2FE9C5FF /* Pods-mockstagramUITests.release.xcconfig */;
			buildSettings = {
				ALWAYS_EMBED_SWIFT_STANDARD_LIBRARIES = YES;
				CODE_SIGN_STYLE = Automatic;
				DEVELOPMENT_TEAM = KWRG283N5S;
				INFOPLIST_FILE = mockstagramUITests/Info.plist;
				LD_RUNPATH_SEARCH_PATHS = (
					"$(inherited)",
					"@executable_path/Frameworks",
					"@loader_path/Frameworks",
				);
				PRODUCT_BUNDLE_IDENTIFIER = com.megabreezy.mockstagramUITests;
				PRODUCT_NAME = "$(TARGET_NAME)";
				SWIFT_VERSION = 4.2;
				TARGETED_DEVICE_FAMILY = "1,2";
				TEST_TARGET_NAME = mockstagram;
			};
			name = Release;
		};
/* End XCBuildConfiguration section */

/* Begin XCConfigurationList section */
		2D314C962159711A00B74FBA /* Build configuration list for PBXProject "mockstagram" */ = {
			isa = XCConfigurationList;
			buildConfigurations = (
				2D314CC42159711B00B74FBA /* Debug */,
				2D314CC52159711B00B74FBA /* Release */,
			);
			defaultConfigurationIsVisible = 0;
			defaultConfigurationName = Release;
		};
		2D314CC62159711B00B74FBA /* Build configuration list for PBXNativeTarget "mockstagram" */ = {
			isa = XCConfigurationList;
			buildConfigurations = (
				2D314CC72159711B00B74FBA /* Debug */,
				2D314CC82159711B00B74FBA /* Release */,
			);
			defaultConfigurationIsVisible = 0;
			defaultConfigurationName = Release;
		};
		2D314CC92159711B00B74FBA /* Build configuration list for PBXNativeTarget "mockstagramTests" */ = {
			isa = XCConfigurationList;
			buildConfigurations = (
				2D314CCA2159711B00B74FBA /* Debug */,
				2D314CCB2159711B00B74FBA /* Release */,
			);
			defaultConfigurationIsVisible = 0;
			defaultConfigurationName = Release;
		};
		2D314CCC2159711B00B74FBA /* Build configuration list for PBXNativeTarget "mockstagramUITests" */ = {
			isa = XCConfigurationList;
			buildConfigurations = (
				2D314CCD2159711B00B74FBA /* Debug */,
				2D314CCE2159711B00B74FBA /* Release */,
			);
			defaultConfigurationIsVisible = 0;
			defaultConfigurationName = Release;
		};
/* End XCConfigurationList section */

/* Begin XCVersionGroup section */
		2D314CA52159711A00B74FBA /* mockstagram.xcdatamodeld */ = {
			isa = XCVersionGroup;
			children = (
				2D314CA62159711A00B74FBA /* mockstagram.xcdatamodel */,
			);
			currentVersion = 2D314CA62159711A00B74FBA /* mockstagram.xcdatamodel */;
			path = mockstagram.xcdatamodeld;
			sourceTree = "<group>";
			versionGroupType = wrapper.xcdatamodel;
		};
/* End XCVersionGroup section */
	};
	rootObject = 2D314C932159711A00B74FBA /* Project object */;
}
